{
  "name": "quack-a-mole-frontend",
  "version": "1.0.0",
  "lockfileVersion": 2,
  "requires": true,
  "packages": {
    "": {
      "name": "quack-a-mole-frontend",
      "version": "1.0.0",
      "dependencies": {
        "react": "^18.2.0",
        "react-dom": "^18.2.0",
        "react-scripts": "5.0.1",
        "typescript": "^5.1.6",
        "axios": "^1.4.0",
        "@types/react": "^18.2.14",
        "@types/react-dom": "^18.2.6",
        "@types/node": "^20.3.3"
      }
    }
  }
}